
Microsoft Visual Studio Solution File, Format Version 12.00
# Visual Studio Version 16
VisualStudioVersion = 16.0.32510.428
MinimumVisualStudioVersion = 10.0.40219.1
Project("{FAE04EC0-301F-11D3-BF4B-00C04F79EFBC}") = "game", "game.csproj", "{97ECEC5B-71EB-4F25-8474-FD11B9567971}"
EndProject
Global
	GlobalSection(SolutionConfigurationPlatforms) = preSolution
		Debug|Any CPU = Debug|Any CPU
		Release|Any CPU = Release|Any CPU
	EndGlobalSection
	GlobalSection(ProjectConfigurationPlatforms) = postSolution
		{97ECEC5B-71EB-4F25-8474-FD11B9567971}.Debug|Any CPU.ActiveCfg = Debug|Any CPU
		{97ECEC5B-71EB-4F25-8474-FD11B9567971}.Debug|Any CPU.Build.0 = Debug|Any CPU
		{97ECEC5B-71EB-4F25-8474-FD11B9567971}.Release|Any CPU.ActiveCfg = Release|Any CPU
		{97ECEC5B-71EB-4F25-8474-FD11B9567971}.Release|Any CPU.Build.0 = Release|Any CPU
	EndGlobalSection
	GlobalSection(SolutionProperties) = preSolution
		HideSolutionNode = FALSE
	EndGlobalSection
	GlobalSection(ExtensibilityGlobals) = postSolution
		SolutionGuid = {99FD69F9-CE43-49FC-BC95-69D11D46B784}
	EndGlobalSection
EndGlobal
